
Microsoft Visual Studio Solution File, Format Version 12.00
# Visual Studio Version 16
VisualStudioVersion = 16.0.30503.244
MinimumVisualStudioVersion = 10.0.40219.1
Project("{FAE04EC0-301F-11D3-BF4B-00C04F79EFBC}") = "Lab11", "Lab11\Lab11.csproj", "{48B8CF44-8E1D-4453-8FAD-C6B3B78CAD60}"
EndProject
Global
	GlobalSection(SolutionConfigurationPlatforms) = preSolution
		Debug|Any CPU = Debug|Any CPU
		Release|Any CPU = Release|Any CPU
	EndGlobalSection
	GlobalSection(ProjectConfigurationPlatforms) = postSolution
		{48B8CF44-8E1D-4453-8FAD-C6B3B78CAD60}.Debug|Any CPU.ActiveCfg = Debug|Any CPU
		{48B8CF44-8E1D-4453-8FAD-C6B3B78CAD60}.Debug|Any CPU.Build.0 = Debug|Any CPU
		{48B8CF44-8E1D-4453-8FAD-C6B3B78CAD60}.Release|Any CPU.ActiveCfg = Release|Any CPU
		{48B8CF44-8E1D-4453-8FAD-C6B3B78CAD60}.Release|Any CPU.Build.0 = Release|Any CPU
	EndGlobalSection
	GlobalSection(SolutionProperties) = preSolution
		HideSolutionNode = FALSE
	EndGlobalSection
	GlobalSection(ExtensibilityGlobals) = postSolution
		SolutionGuid = {21D16FAC-20A4-427E-9918-27AA5DAD5A43}
	EndGlobalSection
EndGlobal
