
Microsoft Visual Studio Solution File, Format Version 12.00
# Visual Studio Version 16
VisualStudioVersion = 16.0.30503.244
MinimumVisualStudioVersion = 10.0.40219.1
Project("{FAE04EC0-301F-11D3-BF4B-00C04F79EFBC}") = "Lab4", "Lab4\Lab4.csproj", "{9569FFEE-45C9-48D2-BC93-66DFDFF6DE08}"
EndProject
Global
	GlobalSection(SolutionConfigurationPlatforms) = preSolution
		Debug|Any CPU = Debug|Any CPU
		Release|Any CPU = Release|Any CPU
	EndGlobalSection
	GlobalSection(ProjectConfigurationPlatforms) = postSolution
		{9569FFEE-45C9-48D2-BC93-66DFDFF6DE08}.Debug|Any CPU.ActiveCfg = Debug|Any CPU
		{9569FFEE-45C9-48D2-BC93-66DFDFF6DE08}.Debug|Any CPU.Build.0 = Debug|Any CPU
		{9569FFEE-45C9-48D2-BC93-66DFDFF6DE08}.Release|Any CPU.ActiveCfg = Release|Any CPU
		{9569FFEE-45C9-48D2-BC93-66DFDFF6DE08}.Release|Any CPU.Build.0 = Release|Any CPU
	EndGlobalSection
	GlobalSection(SolutionProperties) = preSolution
		HideSolutionNode = FALSE
	EndGlobalSection
	GlobalSection(ExtensibilityGlobals) = postSolution
		SolutionGuid = {74942D32-AA13-40A7-9416-E552BF66D9F3}
	EndGlobalSection
EndGlobal
