
Microsoft Visual Studio Solution File, Format Version 12.00
# Visual Studio Version 16
VisualStudioVersion = 16.0.30503.244
MinimumVisualStudioVersion = 10.0.40219.1
Project("{FAE04EC0-301F-11D3-BF4B-00C04F79EFBC}") = "Laba12", "Laba12\Laba12.csproj", "{9387CEF2-4253-4529-9AFB-FF8CE87BEA9B}"
EndProject
Global
	GlobalSection(SolutionConfigurationPlatforms) = preSolution
		Debug|Any CPU = Debug|Any CPU
		Release|Any CPU = Release|Any CPU
	EndGlobalSection
	GlobalSection(ProjectConfigurationPlatforms) = postSolution
		{9387CEF2-4253-4529-9AFB-FF8CE87BEA9B}.Debug|Any CPU.ActiveCfg = Debug|Any CPU
		{9387CEF2-4253-4529-9AFB-FF8CE87BEA9B}.Debug|Any CPU.Build.0 = Debug|Any CPU
		{9387CEF2-4253-4529-9AFB-FF8CE87BEA9B}.Release|Any CPU.ActiveCfg = Release|Any CPU
		{9387CEF2-4253-4529-9AFB-FF8CE87BEA9B}.Release|Any CPU.Build.0 = Release|Any CPU
	EndGlobalSection
	GlobalSection(SolutionProperties) = preSolution
		HideSolutionNode = FALSE
	EndGlobalSection
	GlobalSection(ExtensibilityGlobals) = postSolution
		SolutionGuid = {70DD54FA-76CC-4D27-B6DC-EBD824552E76}
	EndGlobalSection
EndGlobal
